
Microsoft Visual Studio Solution File, Format Version 12.00
# Visual Studio Version 17
VisualStudioVersion = 17.0.32014.148
MinimumVisualStudioVersion = 10.0.40219.1
Project("{FAE04EC0-301F-11D3-BF4B-00C04F79EFBC}") = "Poster", "Poster\Poster.csproj", "{8D4A2981-AD9A-4C9A-9650-9471F36A237A}"
EndProject
Global
	GlobalSection(SolutionConfigurationPlatforms) = preSolution
		Debug|Any CPU = Debug|Any CPU
		Release|Any CPU = Release|Any CPU
	EndGlobalSection
	GlobalSection(ProjectConfigurationPlatforms) = postSolution
		{8D4A2981-AD9A-4C9A-9650-9471F36A237A}.Debug|Any CPU.ActiveCfg = Debug|Any CPU
		{8D4A2981-AD9A-4C9A-9650-9471F36A237A}.Debug|Any CPU.Build.0 = Debug|Any CPU
		{8D4A2981-AD9A-4C9A-9650-9471F36A237A}.Release|Any CPU.ActiveCfg = Release|Any CPU
		{8D4A2981-AD9A-4C9A-9650-9471F36A237A}.Release|Any CPU.Build.0 = Release|Any CPU
	EndGlobalSection
	GlobalSection(SolutionProperties) = preSolution
		HideSolutionNode = FALSE
	EndGlobalSection
	GlobalSection(ExtensibilityGlobals) = postSolution
		SolutionGuid = {982B5DC8-1901-4A68-B157-CD9D3E042455}
	EndGlobalSection
EndGlobal
